// !$*UTF8*$!
{
	archiveVersion = 1;
	classes = {
	};
	objectVersion = 46;
	objects = {

/* Begin PBXBuildFile section */
		274FF7F11B7E7B4A00A3A415 /* RoshamboVC.swift in Sources */ = {isa = PBXBuildFile; fileRef = 274FF7F01B7E7B4A00A3A415 /* RoshamboVC.swift */; };
		274FF7F31B7E7BA400A3A415 /* RoshamboResultsVC.swift in Sources */ = {isa = PBXBuildFile; fileRef = 274FF7F21B7E7BA400A3A415 /* RoshamboResultsVC.swift */; };
		2773FBBD1B7D30CD0077FEB0 /* AppDelegate.swift in Sources */ = {isa = PBXBuildFile; fileRef = 2773FBBC1B7D30CD0077FEB0 /* AppDelegate.swift */; };
		2773FBBF1B7D30CD0077FEB0 /* ViewController.swift in Sources */ = {isa = PBXBuildFile; fileRef = 2773FBBE1B7D30CD0077FEB0 /* ViewController.swift */; };
		2773FBC21B7D30CD0077FEB0 /* Main.storyboard in Resources */ = {isa = PBXBuildFile; fileRef = 2773FBC01B7D30CD0077FEB0 /* Main.storyboard */; };
		2773FBC41B7D30CD0077FEB0 /* Images.xcassets in Resources */ = {isa = PBXBuildFile; fileRef = 2773FBC31B7D30CD0077FEB0 /* Images.xcassets */; };
		2773FBC71B7D30CD0077FEB0 /* LaunchScreen.xib in Resources */ = {isa = PBXBuildFile; fileRef = 2773FBC51B7D30CD0077FEB0 /* LaunchScreen.xib */; };
		2773FBD31B7D30CD0077FEB0 /* MememeUdacityTests.swift in Sources */ = {isa = PBXBuildFile; fileRef = 2773FBD21B7D30CD0077FEB0 /* MememeUdacityTests.swift */; };
		2773FBDD1B7E44CC0077FEB0 /* TableOfContentsVC.swift in Sources */ = {isa = PBXBuildFile; fileRef = 2773FBDC1B7E44CC0077FEB0 /* TableOfContentsVC.swift */; };
		2773FBE11B7E4FCF0077FEB0 /* DiceViewController.swift in Sources */ = {isa = PBXBuildFile; fileRef = 2773FBE01B7E4FCF0077FEB0 /* DiceViewController.swift */; };
		F4F08F771B7FD53800A0956F /* TextFieldExamplesVC.swift in Sources */ = {isa = PBXBuildFile; fileRef = F4F08F761B7FD53800A0956F /* TextFieldExamplesVC.swift */; };
		F4F08F791B7FD86F00A0956F /* ZipCodeDelegate.swift in Sources */ = {isa = PBXBuildFile; fileRef = F4F08F781B7FD86F00A0956F /* ZipCodeDelegate.swift */; };
		F4F08F7B1B7FD89700A0956F /* CashTextDelegate.swift in Sources */ = {isa = PBXBuildFile; fileRef = F4F08F7A1B7FD89700A0956F /* CashTextDelegate.swift */; };
		F4F08F7F1B814AD800A0956F /* MemePickImageVC.swift in Sources */ = {isa = PBXBuildFile; fileRef = F4F08F7E1B814AD800A0956F /* MemePickImageVC.swift */; };
/* End PBXBuildFile section */

/* Begin PBXContainerItemProxy section */
		2773FBCD1B7D30CD0077FEB0 /* PBXContainerItemProxy */ = {
			isa = PBXContainerItemProxy;
			containerPortal = 2773FBAF1B7D30CD0077FEB0 /* Project object */;
			proxyType = 1;
			remoteGlobalIDString = 2773FBB61B7D30CD0077FEB0;
			remoteInfo = MememeUdacity;
		};
/* End PBXContainerItemProxy section */

/* Begin PBXFileReference section */
		274FF7F01B7E7B4A00A3A415 /* RoshamboVC.swift */ = {isa = PBXFileReference; fileEncoding = 4; lastKnownFileType = sourcecode.swift; path = RoshamboVC.swift; sourceTree = "<group>"; };
		274FF7F21B7E7BA400A3A415 /* RoshamboResultsVC.swift */ = {isa = PBXFileReference; fileEncoding = 4; lastKnownFileType = sourcecode.swift; path = RoshamboResultsVC.swift; sourceTree = "<group>"; };
		2773FBB71B7D30CD0077FEB0 /* MememeUdacity.app */ = {isa = PBXFileReference; explicitFileType = wrapper.application; includeInIndex = 0; path = MememeUdacity.app; sourceTree = BUILT_PRODUCTS_DIR; };
		2773FBBB1B7D30CD0077FEB0 /* Info.plist */ = {isa = PBXFileReference; lastKnownFileType = text.plist.xml; path = Info.plist; sourceTree = "<group>"; };
		2773FBBC1B7D30CD0077FEB0 /* AppDelegate.swift */ = {isa = PBXFileReference; lastKnownFileType = sourcecode.swift; path = AppDelegate.swift; sourceTree = "<group>"; };
		2773FBBE1B7D30CD0077FEB0 /* ViewController.swift */ = {isa = PBXFileReference; lastKnownFileType = sourcecode.swift; path = ViewController.swift; sourceTree = "<group>"; };
		2773FBC11B7D30CD0077FEB0 /* Base */ = {isa = PBXFileReference; lastKnownFileType = file.storyboard; name = Base; path = Base.lproj/Main.storyboard; sourceTree = "<group>"; };
		2773FBC31B7D30CD0077FEB0 /* Images.xcassets */ = {isa = PBXFileReference; lastKnownFileType = folder.assetcatalog; path = Images.xcassets; sourceTree = "<group>"; };
		2773FBC61B7D30CD0077FEB0 /* Base */ = {isa = PBXFileReference; lastKnownFileType = file.xib; name = Base; path = Base.lproj/LaunchScreen.xib; sourceTree = "<group>"; };
		2773FBCC1B7D30CD0077FEB0 /* MememeUdacityTests.xctest */ = {isa = PBXFileReference; explicitFileType = wrapper.cfbundle; includeInIndex = 0; path = MememeUdacityTests.xctest; sourceTree = BUILT_PRODUCTS_DIR; };
		2773FBD11B7D30CD0077FEB0 /* Info.plist */ = {isa = PBXFileReference; lastKnownFileType = text.plist.xml; path = Info.plist; sourceTree = "<group>"; };
		2773FBD21B7D30CD0077FEB0 /* MememeUdacityTests.swift */ = {isa = PBXFileReference; lastKnownFileType = sourcecode.swift; path = MememeUdacityTests.swift; sourceTree = "<group>"; };
		2773FBDC1B7E44CC0077FEB0 /* TableOfContentsVC.swift */ = {isa = PBXFileReference; fileEncoding = 4; lastKnownFileType = sourcecode.swift; path = TableOfContentsVC.swift; sourceTree = "<group>"; };
		2773FBE01B7E4FCF0077FEB0 /* DiceViewController.swift */ = {isa = PBXFileReference; fileEncoding = 4; lastKnownFileType = sourcecode.swift; path = DiceViewController.swift; sourceTree = "<group>"; };
		F4F08F761B7FD53800A0956F /* TextFieldExamplesVC.swift */ = {isa = PBXFileReference; fileEncoding = 4; lastKnownFileType = sourcecode.swift; path = TextFieldExamplesVC.swift; sourceTree = "<group>"; };
		F4F08F781B7FD86F00A0956F /* ZipCodeDelegate.swift */ = {isa = PBXFileReference; fileEncoding = 4; lastKnownFileType = sourcecode.swift; path = ZipCodeDelegate.swift; sourceTree = "<group>"; };
		F4F08F7A1B7FD89700A0956F /* CashTextDelegate.swift */ = {isa = PBXFileReference; fileEncoding = 4; lastKnownFileType = sourcecode.swift; path = CashTextDelegate.swift; sourceTree = "<group>"; };
		F4F08F7E1B814AD800A0956F /* MemePickImageVC.swift */ = {isa = PBXFileReference; fileEncoding = 4; lastKnownFileType = sourcecode.swift; path = MemePickImageVC.swift; sourceTree = "<group>"; };
/* End PBXFileReference section */

/* Begin PBXFrameworksBuildPhase section */
		2773FBB41B7D30CD0077FEB0 /* Frameworks */ = {
			isa = PBXFrameworksBuildPhase;
			buildActionMask = 2147483647;
			files = (
			);
			runOnlyForDeploymentPostprocessing = 0;
		};
		2773FBC91B7D30CD0077FEB0 /* Frameworks */ = {
			isa = PBXFrameworksBuildPhase;
			buildActionMask = 2147483647;
			files = (
			);
			runOnlyForDeploymentPostprocessing = 0;
		};
/* End PBXFrameworksBuildPhase section */

/* Begin PBXGroup section */
		2773FBAE1B7D30CD0077FEB0 = {
			isa = PBXGroup;
			children = (
				2773FBB91B7D30CD0077FEB0 /* MememeUdacity */,
				2773FBCF1B7D30CD0077FEB0 /* MememeUdacityTests */,
				2773FBB81B7D30CD0077FEB0 /* Products */,
			);
			sourceTree = "<group>";
		};
		2773FBB81B7D30CD0077FEB0 /* Products */ = {
			isa = PBXGroup;
			children = (
				2773FBB71B7D30CD0077FEB0 /* MememeUdacity.app */,
				2773FBCC1B7D30CD0077FEB0 /* MememeUdacityTests.xctest */,
			);
			name = Products;
			sourceTree = "<group>";
		};
		2773FBB91B7D30CD0077FEB0 /* MememeUdacity */ = {
			isa = PBXGroup;
			children = (
				2773FBBC1B7D30CD0077FEB0 /* AppDelegate.swift */,
				2773FBBE1B7D30CD0077FEB0 /* ViewController.swift */,
				2773FBC01B7D30CD0077FEB0 /* Main.storyboard */,
				2773FBC31B7D30CD0077FEB0 /* Images.xcassets */,
				2773FBC51B7D30CD0077FEB0 /* LaunchScreen.xib */,
				2773FBBA1B7D30CD0077FEB0 /* Supporting Files */,
				F4F08F751B7FD4F300A0956F /* TextField Delegates */,
				2773FBDC1B7E44CC0077FEB0 /* TableOfContentsVC.swift */,
				2773FBE01B7E4FCF0077FEB0 /* DiceViewController.swift */,
				274FF7F01B7E7B4A00A3A415 /* RoshamboVC.swift */,
				274FF7F21B7E7BA400A3A415 /* RoshamboResultsVC.swift */,
				F4F08F761B7FD53800A0956F /* TextFieldExamplesVC.swift */,
				F4F08F7E1B814AD800A0956F /* MemePickImageVC.swift */,
			);
			path = MememeUdacity;
			sourceTree = "<group>";
		};
		2773FBBA1B7D30CD0077FEB0 /* Supporting Files */ = {
			isa = PBXGroup;
			children = (
				2773FBBB1B7D30CD0077FEB0 /* Info.plist */,
			);
			name = "Supporting Files";
			sourceTree = "<group>";
		};
		2773FBCF1B7D30CD0077FEB0 /* MememeUdacityTests */ = {
			isa = PBXGroup;
			children = (
				2773FBD21B7D30CD0077FEB0 /* MememeUdacityTests.swift */,
				2773FBD01B7D30CD0077FEB0 /* Supporting Files */,
			);
			path = MememeUdacityTests;
			sourceTree = "<group>";
		};
		2773FBD01B7D30CD0077FEB0 /* Supporting Files */ = {
			isa = PBXGroup;
			children = (
				2773FBD11B7D30CD0077FEB0 /* Info.plist */,
			);
			name = "Supporting Files";
			sourceTree = "<group>";
		};
		F4F08F751B7FD4F300A0956F /* TextField Delegates */ = {
			isa = PBXGroup;
			children = (
				F4F08F781B7FD86F00A0956F /* ZipCodeDelegate.swift */,
				F4F08F7A1B7FD89700A0956F /* CashTextDelegate.swift */,
			);
			name = "TextField Delegates";
			path = ..;
			sourceTree = "<group>";
		};
/* End PBXGroup section */

/* Begin PBXNativeTarget section */
		2773FBB61B7D30CD0077FEB0 /* MememeUdacity */ = {
			isa = PBXNativeTarget;
			buildConfigurationList = 2773FBD61B7D30CD0077FEB0 /* Build configuration list for PBXNativeTarget "MememeUdacity" */;
			buildPhases = (
				2773FBB31B7D30CD0077FEB0 /* Sources */,
				2773FBB41B7D30CD0077FEB0 /* Frameworks */,
				2773FBB51B7D30CD0077FEB0 /* Resources */,
			);
			buildRules = (
			);
			dependencies = (
			);
			name = MememeUdacity;
			productName = MememeUdacity;
			productReference = 2773FBB71B7D30CD0077FEB0 /* MememeUdacity.app */;
			productType = "com.apple.product-type.application";
		};
		2773FBCB1B7D30CD0077FEB0 /* MememeUdacityTests */ = {
			isa = PBXNativeTarget;
			buildConfigurationList = 2773FBD91B7D30CD0077FEB0 /* Build configuration list for PBXNativeTarget "MememeUdacityTests" */;
			buildPhases = (
				2773FBC81B7D30CD0077FEB0 /* Sources */,
				2773FBC91B7D30CD0077FEB0 /* Frameworks */,
				2773FBCA1B7D30CD0077FEB0 /* Resources */,
			);
			buildRules = (
			);
			dependencies = (
				2773FBCE1B7D30CD0077FEB0 /* PBXTargetDependency */,
			);
			name = MememeUdacityTests;
			productName = MememeUdacityTests;
			productReference = 2773FBCC1B7D30CD0077FEB0 /* MememeUdacityTests.xctest */;
			productType = "com.apple.product-type.bundle.unit-test";
		};
/* End PBXNativeTarget section */

/* Begin PBXProject section */
		2773FBAF1B7D30CD0077FEB0 /* Project object */ = {
			isa = PBXProject;
			attributes = {
				LastUpgradeCheck = 0640;
				ORGANIZATIONNAME = "Joe Susnick Co.";
				TargetAttributes = {
					2773FBB61B7D30CD0077FEB0 = {
						CreatedOnToolsVersion = 6.4;
					};
					2773FBCB1B7D30CD0077FEB0 = {
						CreatedOnToolsVersion = 6.4;
						TestTargetID = 2773FBB61B7D30CD0077FEB0;
					};
				};
			};
			buildConfigurationList = 2773FBB21B7D30CD0077FEB0 /* Build configuration list for PBXProject "MememeUdacity" */;
			compatibilityVersion = "Xcode 3.2";
			developmentRegion = English;
			hasScannedForEncodings = 0;
			knownRegions = (
				en,
				Base,
			);
			mainGroup = 2773FBAE1B7D30CD0077FEB0;
			productRefGroup = 2773FBB81B7D30CD0077FEB0 /* Products */;
			projectDirPath = "";
			projectRoot = "";
			targets = (
				2773FBB61B7D30CD0077FEB0 /* MememeUdacity */,
				2773FBCB1B7D30CD0077FEB0 /* MememeUdacityTests */,
			);
		};
/* End PBXProject section */

/* Begin PBXResourcesBuildPhase section */
		2773FBB51B7D30CD0077FEB0 /* Resources */ = {
			isa = PBXResourcesBuildPhase;
			buildActionMask = 2147483647;
			files = (
				2773FBC21B7D30CD0077FEB0 /* Main.storyboard in Resources */,
				2773FBC71B7D30CD0077FEB0 /* LaunchScreen.xib in Resources */,
				2773FBC41B7D30CD0077FEB0 /* Images.xcassets in Resources */,
			);
			runOnlyForDeploymentPostprocessing = 0;
		};
		2773FBCA1B7D30CD0077FEB0 /* Resources */ = {
			isa = PBXResourcesBuildPhase;
			buildActionMask = 2147483647;
			files = (
			);
			runOnlyForDeploymentPostprocessing = 0;
		};
/* End PBXResourcesBuildPhase section */

/* Begin PBXSourcesBuildPhase section */
		2773FBB31B7D30CD0077FEB0 /* Sources */ = {
			isa = PBXSourcesBuildPhase;
			buildActionMask = 2147483647;
			files = (
				274FF7F31B7E7BA400A3A415 /* RoshamboResultsVC.swift in Sources */,
				F4F08F791B7FD86F00A0956F /* ZipCodeDelegate.swift in Sources */,
				274FF7F11B7E7B4A00A3A415 /* RoshamboVC.swift in Sources */,
				F4F08F771B7FD53800A0956F /* TextFieldExamplesVC.swift in Sources */,
				F4F08F7B1B7FD89700A0956F /* CashTextDelegate.swift in Sources */,
				2773FBBF1B7D30CD0077FEB0 /* ViewController.swift in Sources */,
				2773FBBD1B7D30CD0077FEB0 /* AppDelegate.swift in Sources */,
				2773FBDD1B7E44CC0077FEB0 /* TableOfContentsVC.swift in Sources */,
				2773FBE11B7E4FCF0077FEB0 /* DiceViewController.swift in Sources */,
				F4F08F7F1B814AD800A0956F /* MemePickImageVC.swift in Sources */,
			);
			runOnlyForDeploymentPostprocessing = 0;
		};
		2773FBC81B7D30CD0077FEB0 /* Sources */ = {
			isa = PBXSourcesBuildPhase;
			buildActionMask = 2147483647;
			files = (
				2773FBD31B7D30CD0077FEB0 /* MememeUdacityTests.swift in Sources */,
			);
			runOnlyForDeploymentPostprocessing = 0;
		};
/* End PBXSourcesBuildPhase section */

/* Begin PBXTargetDependency section */
		2773FBCE1B7D30CD0077FEB0 /* PBXTargetDependency */ = {
			isa = PBXTargetDependency;
			target = 2773FBB61B7D30CD0077FEB0 /* MememeUdacity */;
			targetProxy = 2773FBCD1B7D30CD0077FEB0 /* PBXContainerItemProxy */;
		};
/* End PBXTargetDependency section */

/* Begin PBXVariantGroup section */
		2773FBC01B7D30CD0077FEB0 /* Main.storyboard */ = {
			isa = PBXVariantGroup;
			children = (
				2773FBC11B7D30CD0077FEB0 /* Base */,
			);
			name = Main.storyboard;
			sourceTree = "<group>";
		};
		2773FBC51B7D30CD0077FEB0 /* LaunchScreen.xib */ = {
			isa = PBXVariantGroup;
			children = (
				2773FBC61B7D30CD0077FEB0 /* Base */,
			);
			name = LaunchScreen.xib;
			sourceTree = "<group>";
		};
/* End PBXVariantGroup section */

/* Begin XCBuildConfiguration section */
		2773FBD41B7D30CD0077FEB0 /* Debug */ = {
			isa = XCBuildConfiguration;
			buildSettings = {
				ALWAYS_SEARCH_USER_PATHS = NO;
				CLANG_CXX_LANGUAGE_STANDARD = "gnu++0x";
				CLANG_CXX_LIBRARY = "libc++";
				CLANG_ENABLE_MODULES = YES;
				CLANG_ENABLE_OBJC_ARC = YES;
				CLANG_WARN_BOOL_CONVERSION = YES;
				CLANG_WARN_CONSTANT_CONVERSION = YES;
				CLANG_WARN_DIRECT_OBJC_ISA_USAGE = YES_ERROR;
				CLANG_WARN_EMPTY_BODY = YES;
				CLANG_WARN_ENUM_CONVERSION = YES;
				CLANG_WARN_INT_CONVERSION = YES;
				CLANG_WARN_OBJC_ROOT_CLASS = YES_ERROR;
				CLANG_WARN_UNREACHABLE_CODE = YES;
				CLANG_WARN__DUPLICATE_METHOD_MATCH = YES;
				"CODE_SIGN_IDENTITY[sdk=iphoneos*]" = "iPhone Developer";
				COPY_PHASE_STRIP = NO;
				DEBUG_INFORMATION_FORMAT = "dwarf-with-dsym";
				ENABLE_STRICT_OBJC_MSGSEND = YES;
				GCC_C_LANGUAGE_STANDARD = gnu99;
				GCC_DYNAMIC_NO_PIC = NO;
				GCC_NO_COMMON_BLOCKS = YES;
				GCC_OPTIMIZATION_LEVEL = 0;
				GCC_PREPROCESSOR_DEFINITIONS = (
					"DEBUG=1",
					"$(inherited)",
				);
				GCC_SYMBOLS_PRIVATE_EXTERN = NO;
				GCC_WARN_64_TO_32_BIT_CONVERSION = YES;
				GCC_WARN_ABOUT_RETURN_TYPE = YES_ERROR;
				GCC_WARN_UNDECLARED_SELECTOR = YES;
				GCC_WARN_UNINITIALIZED_AUTOS = YES_AGGRESSIVE;
				GCC_WARN_UNUSED_FUNCTION = YES;
				GCC_WARN_UNUSED_VARIABLE = YES;
				IPHONEOS_DEPLOYMENT_TARGET = 8.4;
				MTL_ENABLE_DEBUG_INFO = YES;
				ONLY_ACTIVE_ARCH = YES;
				SDKROOT = iphoneos;
				SWIFT_OPTIMIZATION_LEVEL = "-Onone";
			};
			name = Debug;
		};
		2773FBD51B7D30CD0077FEB0 /* Release */ = {
			isa = XCBuildConfiguration;
			buildSettings = {
				ALWAYS_SEARCH_USER_PATHS = NO;
				CLANG_CXX_LANGUAGE_STANDARD = "gnu++0x";
				CLANG_CXX_LIBRARY = "libc++";
				CLANG_ENABLE_MODULES = YES;
				CLANG_ENABLE_OBJC_ARC = YES;
				CLANG_WARN_BOOL_CONVERSION = YES;
				CLANG_WARN_CONSTANT_CONVERSION = YES;
				CLANG_WARN_DIRECT_OBJC_ISA_USAGE = YES_ERROR;
				CLANG_WARN_EMPTY_BODY = YES;
				CLANG_WARN_ENUM_CONVERSION = YES;
				CLANG_WARN_INT_CONVERSION = YES;
				CLANG_WARN_OBJC_ROOT_CLASS = YES_ERROR;
				CLANG_WARN_UNREACHABLE_CODE = YES;
				CLANG_WARN__DUPLICATE_METHOD_MATCH = YES;
				"CODE_SIGN_IDENTITY[sdk=iphoneos*]" = "iPhone Developer";
				COPY_PHASE_STRIP = NO;
				DEBUG_INFORMATION_FORMAT = "dwarf-with-dsym";
				ENABLE_NS_ASSERTIONS = NO;
				ENABLE_STRICT_OBJC_MSGSEND = YES;
				GCC_C_LANGUAGE_STANDARD = gnu99;
				GCC_NO_COMMON_BLOCKS = YES;
				GCC_WARN_64_TO_32_BIT_CONVERSION = YES;
				GCC_WARN_ABOUT_RETURN_TYPE = YES_ERROR;
				GCC_WARN_UNDECLARED_SELECTOR = YES;
				GCC_WARN_UNINITIALIZED_AUTOS = YES_AGGRESSIVE;
				GCC_WARN_UNUSED_FUNCTION = YES;
				GCC_WARN_UNUSED_VARIABLE = YES;
				IPHONEOS_DEPLOYMENT_TARGET = 8.4;
				MTL_ENABLE_DEBUG_INFO = NO;
				SDKROOT = iphoneos;
				VALIDATE_PRODUCT = YES;
			};
			name = Release;
		};
		2773FBD71B7D30CD0077FEB0 /* Debug */ = {
			isa = XCBuildConfiguration;
			buildSettings = {
				ASSETCATALOG_COMPILER_APPICON_NAME = AppIcon;
				INFOPLIST_FILE = MememeUdacity/Info.plist;
				LD_RUNPATH_SEARCH_PATHS = "$(inherited) @executable_path/Frameworks";
				PRODUCT_NAME = "$(TARGET_NAME)";
			};
			name = Debug;
		};
		2773FBD81B7D30CD0077FEB0 /* Release */ = {
			isa = XCBuildConfiguration;
			buildSettings = {
				ASSETCATALOG_COMPILER_APPICON_NAME = AppIcon;
				INFOPLIST_FILE = MememeUdacity/Info.plist;
				LD_RUNPATH_SEARCH_PATHS = "$(inherited) @executable_path/Frameworks";
				PRODUCT_NAME = "$(TARGET_NAME)";
			};
			name = Release;
		};
		2773FBDA1B7D30CD0077FEB0 /* Debug */ = {
			isa = XCBuildConfiguration;
			buildSettings = {
				BUNDLE_LOADER = "$(TEST_HOST)";
				FRAMEWORK_SEARCH_PATHS = (
					"$(SDKROOT)/Developer/Library/Frameworks",
					"$(inherited)",
				);
				GCC_PREPROCESSOR_DEFINITIONS = (
					"DEBUG=1",
					"$(inherited)",
				);
				INFOPLIST_FILE = MememeUdacityTests/Info.plist;
				LD_RUNPATH_SEARCH_PATHS = "$(inherited) @executable_path/Frameworks @loader_path/Frameworks";
				PRODUCT_NAME = "$(TARGET_NAME)";
				TEST_HOST = "$(BUILT_PRODUCTS_DIR)/MememeUdacity.app/MememeUdacity";
			};
			name = Debug;
		};
		2773FBDB1B7D30CD0077FEB0 /* Release */ = {
			isa = XCBuildConfiguration;
			buildSettings = {
				BUNDLE_LOADER = "$(TEST_HOST)";
				FRAMEWORK_SEARCH_PATHS = (
					"$(SDKROOT)/Developer/Library/Frameworks",
					"$(inherited)",
				);
				INFOPLIST_FILE = MememeUdacityTests/Info.plist;
				LD_RUNPATH_SEARCH_PATHS = "$(inherited) @executable_path/Frameworks @loader_path/Frameworks";
				PRODUCT_NAME = "$(TARGET_NAME)";
				TEST_HOST = "$(BUILT_PRODUCTS_DIR)/MememeUdacity.app/MememeUdacity";
			};
			name = Release;
		};
/* End XCBuildConfiguration section */

/* Begin XCConfigurationList section */
		2773FBB21B7D30CD0077FEB0 /* Build configuration list for PBXProject "MememeUdacity" */ = {
			isa = XCConfigurationList;
			buildConfigurations = (
				2773FBD41B7D30CD0077FEB0 /* Debug */,
				2773FBD51B7D30CD0077FEB0 /* Release */,
			);
			defaultConfigurationIsVisible = 0;
			defaultConfigurationName = Release;
		};
		2773FBD61B7D30CD0077FEB0 /* Build configuration list for PBXNativeTarget "MememeUdacity" */ = {
			isa = XCConfigurationList;
			buildConfigurations = (
				2773FBD71B7D30CD0077FEB0 /* Debug */,
				2773FBD81B7D30CD0077FEB0 /* Release */,
			);
			defaultConfigurationIsVisible = 0;
			defaultConfigurationName = Release;
		};
		2773FBD91B7D30CD0077FEB0 /* Build configuration list for PBXNativeTarget "MememeUdacityTests" */ = {
			isa = XCConfigurationList;
			buildConfigurations = (
				2773FBDA1B7D30CD0077FEB0 /* Debug */,
				2773FBDB1B7D30CD0077FEB0 /* Release */,
			);
			defaultConfigurationIsVisible = 0;
			defaultConfigurationName = Release;
		};
/* End XCConfigurationList section */
	};
	rootObject = 2773FBAF1B7D30CD0077FEB0 /* Project object */;
}
